
Microsoft Visual Studio Solution File, Format Version 12.00
# Visual Studio 15
VisualStudioVersion = 15.0.28307.106
MinimumVisualStudioVersion = 10.0.40219.1
Project("{FAE04EC0-301F-11D3-BF4B-00C04F79EFBC}") = "CityInfo.API", "CityInfo.API\CityInfo.API.csproj", "{4FC77317-F36A-48DF-B088-925A93A9793C}"
EndProject
Global
	GlobalSection(SolutionConfigurationPlatforms) = preSolution
		Debug|Any CPU = Debug|Any CPU
		Release|Any CPU = Release|Any CPU
	EndGlobalSection
	GlobalSection(ProjectConfigurationPlatforms) = postSolution
		{4FC77317-F36A-48DF-B088-925A93A9793C}.Debug|Any CPU.ActiveCfg = Debug|Any CPU
		{4FC77317-F36A-48DF-B088-925A93A9793C}.Debug|Any CPU.Build.0 = Debug|Any CPU
		{4FC77317-F36A-48DF-B088-925A93A9793C}.Release|Any CPU.ActiveCfg = Release|Any CPU
		{4FC77317-F36A-48DF-B088-925A93A9793C}.Release|Any CPU.Build.0 = Release|Any CPU
	EndGlobalSection
	GlobalSection(SolutionProperties) = preSolution
		HideSolutionNode = FALSE
	EndGlobalSection
	GlobalSection(ExtensibilityGlobals) = postSolution
		SolutionGuid = {754DC7B9-42F8-4BBB-9ACA-F1CDB4328312}
	EndGlobalSection
EndGlobal
